<?xml version="1.0" encoding="utf-8"?>
<Project ToolsVersion="4.0" xmlns="http://schemas.microsoft.com/developer/msbuild/2003">
  <ItemGroup>
    <Filter Include="Nivel">
      <UniqueIdentifier>{A30EBE0D-0F23-E6BE-D8A4-891E4478E2EF}</UniqueIdentifier>
    </Filter>
  </ItemGroup>
  <ItemGroup>
    <ClInclude Include="src\Nivel.h" />
    <ClInclude Include="src\Nivel\Application.h">
      <Filter>Nivel</Filter>
    </ClInclude>
    <ClInclude Include="src\Nivel\Core.h">
      <Filter>Nivel</Filter>
    </ClInclude>
    <ClInclude Include="src\Nivel\EntryPoint.h">
      <Filter>Nivel</Filter>
    </ClInclude>
    <ClInclude Include="src\Nivel\Log.h">
      <Filter>Nivel</Filter>
    </ClInclude>
  </ItemGroup>
  <ItemGroup>
    <ClCompile Include="src\Nivel\Application.cpp">
      <Filter>Nivel</Filter>
    </ClCompile>
    <ClCompile Include="src\Nivel\Log.cpp">
      <Filter>Nivel</Filter>
    </ClCompile>
  </ItemGroup>
</Project>